{
  "nodes": {
    "home-manager": {
      "inputs": {
        "nixpkgs": [
          "nixpkgs"
        ]
      },
      "locked": {
        "lastModified": 1727817100,
        "narHash": "sha256-dlyV9/eiWkm/Y/t2+k4CFZ29tBvCANmJogEYaHeAOTw=",
        "owner": "nix-community",
        "repo": "home-manager",
        "rev": "437ec62009fa8ceb684eb447d455ffba25911cf9",
        "type": "github"
      },
      "original": {
        "owner": "nix-community",
        "repo": "home-manager",
        "type": "github"
      }
    },
    "nix-darwin": {
      "inputs": {
        "nixpkgs": [
          "nixpkgs"
        ]
      },
      "locked": {
        "lastModified": 1727707210,
        "narHash": "sha256-8XZp5XO2FC6INZEZ2WlwErtvFVpl45ACn8CJ2hfTA0Y=",
        "owner": "LnL7",
        "repo": "nix-darwin",
        "rev": "f61d5f2051a387a15817007220e9fb3bbead57b3",
        "type": "github"
      },
      "original": {
        "owner": "LnL7",
        "repo": "nix-darwin",
        "type": "github"
      }
    },
    "nixpkgs": {
      "locked": {
        "lastModified": 1727802920,
        "narHash": "sha256-HP89HZOT0ReIbI7IJZJQoJgxvB2Tn28V6XS3MNKnfLs=",
        "owner": "nixos",
        "repo": "nixpkgs",
        "rev": "27e30d177e57d912d614c88c622dcfdb2e6e6515",
        "type": "github"
      },
      "original": {
        "owner": "nixos",
        "ref": "nixos-unstable",
        "repo": "nixpkgs",
        "type": "github"
      }
    },
    "rojekti": {
      "inputs": {
        "nixpkgs": [
          "nixpkgs"
        ]
      },
      "locked": {
        "dir": "rojekti",
        "lastModified": 1727108529,
        "narHash": "sha256-VNSgG5NSmh2iHj6AOsAAAoQctxsSSpK0pP+36Q5GnoM=",
        "owner": "UncertainSchrodinger",
        "repo": "molokki",
        "rev": "f6d292d0c1fee96b9741bee10340759ec7d615c1",
        "type": "github"
      },
      "original": {
        "dir": "rojekti",
        "owner": "UncertainSchrodinger",
        "repo": "molokki",
        "type": "github"
      }
    },
    "root": {
      "inputs": {
        "home-manager": "home-manager",
        "nix-darwin": "nix-darwin",
        "nixpkgs": "nixpkgs",
        "rojekti": "rojekti"
      }
    }
  },
  "root": "root",
  "version": 7
}
