{
  "nodes": {
    "home-manager": {
      "inputs": {
        "nixpkgs": [
          "nixpkgs"
        ]
      },
      "locked": {
        "lastModified": 1715381426,
        "narHash": "sha256-wPuqrAQGdv3ISs74nJfGb+Yprm23U/rFpcHFFNWgM94=",
        "owner": "nix-community",
        "repo": "home-manager",
        "rev": "ab5542e9dbd13d0100f8baae2bc2d68af901f4b4",
        "type": "github"
      },
      "original": {
        "owner": "nix-community",
        "ref": "release-23.11",
        "repo": "home-manager",
        "type": "github"
      }
    },
    "nix-darwin": {
      "inputs": {
        "nixpkgs": [
          "nixpkgs"
        ]
      },
      "locked": {
        "lastModified": 1715653378,
        "narHash": "sha256-6kbg/PI3+SBP17f4T0js3CBsMLVtlD0JqJhDKgzk1mQ=",
        "owner": "LnL7",
        "repo": "nix-darwin",
        "rev": "de8b0d60d6fd34f35abffc46adc94ebaa6996ce2",
        "type": "github"
      },
      "original": {
        "owner": "LnL7",
        "repo": "nix-darwin",
        "type": "github"
      }
    },
    "nixpkgs": {
      "locked": {
        "lastModified": 1716137900,
        "narHash": "sha256-sowPU+tLQv8GlqtVtsXioTKeaQvlMz/pefcdwg8MvfM=",
        "owner": "nixos",
        "repo": "nixpkgs",
        "rev": "6c0b7a92c30122196a761b440ac0d46d3d9954f1",
        "type": "github"
      },
      "original": {
        "owner": "nixos",
        "ref": "nixos-unstable",
        "repo": "nixpkgs",
        "type": "github"
      }
    },
    "rojekti": {
      "inputs": {
        "nixpkgs": [
          "nixpkgs"
        ]
      },
      "locked": {
        "dir": "rojekti",
        "lastModified": 1714904193,
        "narHash": "sha256-x/kBHAMGQNCyW7cbmdU7uwkYXx+8EwCZoI1Sb9FJSek=",
        "owner": "UncertainSchrodinger",
        "repo": "molokki",
        "rev": "57e7975431bfe90edf09653f580ba9c6e6f07cf9",
        "type": "github"
      },
      "original": {
        "dir": "rojekti",
        "owner": "UncertainSchrodinger",
        "repo": "molokki",
        "type": "github"
      }
    },
    "root": {
      "inputs": {
        "home-manager": "home-manager",
        "nix-darwin": "nix-darwin",
        "nixpkgs": "nixpkgs",
        "rojekti": "rojekti"
      }
    }
  },
  "root": "root",
  "version": 7
}
